
Microsoft Visual Studio Solution File, Format Version 12.00
# Visual Studio Version 17
VisualStudioVersion = 17.1.32228.430
MinimumVisualStudioVersion = 10.0.40219.1
Project("{9A19103F-16F7-4668-BE54-9A1E7A4F7556}") = "PsyDistributor", "PsyDistributor\PsyDistributor.csproj", "{E2BA80A1-81AE-45B5-B744-D659CC255497}"
EndProject
Project("{2150E333-8FDC-42A3-9474-1A3956D46DE8}") = "Solution Items", "Solution Items", "{1041E871-24E3-427A-A0E1-17776540A2EB}"
	ProjectSection(SolutionItems) = preProject
		.editorconfig = .editorconfig
	EndProjectSection
EndProject
Project("{FAE04EC0-301F-11D3-BF4B-00C04F79EFBC}") = "PsyDistributor_Tests", "PsyDistributor_Tests\PsyDistributor_Tests.csproj", "{B516C221-771E-49A4-8790-6BBFDD6F7412}"
EndProject
Global
	GlobalSection(SolutionConfigurationPlatforms) = preSolution
		Debug|Any CPU = Debug|Any CPU
		Release|Any CPU = Release|Any CPU
	EndGlobalSection
	GlobalSection(ProjectConfigurationPlatforms) = postSolution
		{E2BA80A1-81AE-45B5-B744-D659CC255497}.Debug|Any CPU.ActiveCfg = Debug|Any CPU
		{E2BA80A1-81AE-45B5-B744-D659CC255497}.Debug|Any CPU.Build.0 = Debug|Any CPU
		{E2BA80A1-81AE-45B5-B744-D659CC255497}.Release|Any CPU.ActiveCfg = Release|Any CPU
		{E2BA80A1-81AE-45B5-B744-D659CC255497}.Release|Any CPU.Build.0 = Release|Any CPU
		{B516C221-771E-49A4-8790-6BBFDD6F7412}.Debug|Any CPU.ActiveCfg = Debug|Any CPU
		{B516C221-771E-49A4-8790-6BBFDD6F7412}.Debug|Any CPU.Build.0 = Debug|Any CPU
		{B516C221-771E-49A4-8790-6BBFDD6F7412}.Release|Any CPU.ActiveCfg = Release|Any CPU
		{B516C221-771E-49A4-8790-6BBFDD6F7412}.Release|Any CPU.Build.0 = Release|Any CPU
	EndGlobalSection
	GlobalSection(SolutionProperties) = preSolution
		HideSolutionNode = FALSE
	EndGlobalSection
	GlobalSection(ExtensibilityGlobals) = postSolution
		SolutionGuid = {78DFC575-1F77-4268-9AA3-E4683DEC8475}
	EndGlobalSection
EndGlobal
